// !$*UTF8*$!
{
	archiveVersion = 1;
	classes = {
	};
	objectVersion = 48;
	objects = {

/* Begin PBXBuildFile section */
		7F4865C22228705700687BB9 /* AppDelegate.swift in Sources */ = {isa = PBXBuildFile; fileRef = 7F4865C12228705700687BB9 /* AppDelegate.swift */; };
		7F4865C42228705700687BB9 /* ViewController.swift in Sources */ = {isa = PBXBuildFile; fileRef = 7F4865C32228705700687BB9 /* ViewController.swift */; };
		7F4865C72228705700687BB9 /* Main.storyboard in Resources */ = {isa = PBXBuildFile; fileRef = 7F4865C52228705700687BB9 /* Main.storyboard */; };
		7F4865C92228705700687BB9 /* Assets.xcassets in Resources */ = {isa = PBXBuildFile; fileRef = 7F4865C82228705700687BB9 /* Assets.xcassets */; };
		7F4865CC2228705700687BB9 /* LaunchScreen.storyboard in Resources */ = {isa = PBXBuildFile; fileRef = 7F4865CA2228705700687BB9 /* LaunchScreen.storyboard */; };
		7FF565AE224D5D88007DDE64 /* Property List.plist in Resources */ = {isa = PBXBuildFile; fileRef = 7FF565AD224D5D88007DDE64 /* Property List.plist */; };
		7FF565B0224D62E7007DDE64 /* detailViewController.swift in Sources */ = {isa = PBXBuildFile; fileRef = 7FF565AF224D62E7007DDE64 /* detailViewController.swift */; };
/* End PBXBuildFile section */

/* Begin PBXFileReference section */
		7F4865BE2228705700687BB9 /* HackwichFour.app */ = {isa = PBXFileReference; explicitFileType = wrapper.application; includeInIndex = 0; path = HackwichFour.app; sourceTree = BUILT_PRODUCTS_DIR; };
		7F4865C12228705700687BB9 /* AppDelegate.swift */ = {isa = PBXFileReference; lastKnownFileType = sourcecode.swift; path = AppDelegate.swift; sourceTree = "<group>"; };
		7F4865C32228705700687BB9 /* ViewController.swift */ = {isa = PBXFileReference; lastKnownFileType = sourcecode.swift; path = ViewController.swift; sourceTree = "<group>"; };
		7F4865C62228705700687BB9 /* Base */ = {isa = PBXFileReference; lastKnownFileType = file.storyboard; name = Base; path = Base.lproj/Main.storyboard; sourceTree = "<group>"; };
		7F4865C82228705700687BB9 /* Assets.xcassets */ = {isa = PBXFileReference; lastKnownFileType = folder.assetcatalog; path = Assets.xcassets; sourceTree = "<group>"; };
		7F4865CB2228705700687BB9 /* Base */ = {isa = PBXFileReference; lastKnownFileType = file.storyboard; name = Base; path = Base.lproj/LaunchScreen.storyboard; sourceTree = "<group>"; };
		7F4865CD2228705700687BB9 /* Info.plist */ = {isa = PBXFileReference; lastKnownFileType = text.plist.xml; path = Info.plist; sourceTree = "<group>"; };
		7FF565AD224D5D88007DDE64 /* Property List.plist */ = {isa = PBXFileReference; lastKnownFileType = text.plist.xml; path = "Property List.plist"; sourceTree = "<group>"; };
		7FF565AF224D62E7007DDE64 /* detailViewController.swift */ = {isa = PBXFileReference; lastKnownFileType = sourcecode.swift; path = detailViewController.swift; sourceTree = "<group>"; };
/* End PBXFileReference section */

/* Begin PBXFrameworksBuildPhase section */
		7F4865BB2228705700687BB9 /* Frameworks */ = {
			isa = PBXFrameworksBuildPhase;
			buildActionMask = 2147483647;
			files = (
			);
			runOnlyForDeploymentPostprocessing = 0;
		};
/* End PBXFrameworksBuildPhase section */

/* Begin PBXGroup section */
		7F4865B52228705700687BB9 = {
			isa = PBXGroup;
			children = (
				7F4865C02228705700687BB9 /* HackwichFour */,
				7F4865BF2228705700687BB9 /* Products */,
			);
			sourceTree = "<group>";
		};
		7F4865BF2228705700687BB9 /* Products */ = {
			isa = PBXGroup;
			children = (
				7F4865BE2228705700687BB9 /* HackwichFour.app */,
			);
			name = Products;
			sourceTree = "<group>";
		};
		7F4865C02228705700687BB9 /* HackwichFour */ = {
			isa = PBXGroup;
			children = (
				7F4865C12228705700687BB9 /* AppDelegate.swift */,
				7F4865C32228705700687BB9 /* ViewController.swift */,
				7F4865C52228705700687BB9 /* Main.storyboard */,
				7FF565AF224D62E7007DDE64 /* detailViewController.swift */,
				7FF565AD224D5D88007DDE64 /* Property List.plist */,
				7F4865C82228705700687BB9 /* Assets.xcassets */,
				7F4865CA2228705700687BB9 /* LaunchScreen.storyboard */,
				7F4865CD2228705700687BB9 /* Info.plist */,
			);
			path = HackwichFour;
			sourceTree = "<group>";
		};
/* End PBXGroup section */

/* Begin PBXNativeTarget section */
		7F4865BD2228705700687BB9 /* HackwichFour */ = {
			isa = PBXNativeTarget;
			buildConfigurationList = 7F4865D02228705700687BB9 /* Build configuration list for PBXNativeTarget "HackwichFour" */;
			buildPhases = (
				7F4865BA2228705700687BB9 /* Sources */,
				7F4865BB2228705700687BB9 /* Frameworks */,
				7F4865BC2228705700687BB9 /* Resources */,
			);
			buildRules = (
			);
			dependencies = (
			);
			name = HackwichFour;
			productName = HackwichFour;
			productReference = 7F4865BE2228705700687BB9 /* HackwichFour.app */;
			productType = "com.apple.product-type.application";
		};
/* End PBXNativeTarget section */

/* Begin PBXProject section */
		7F4865B62228705700687BB9 /* Project object */ = {
			isa = PBXProject;
			attributes = {
				LastSwiftUpdateCheck = 0920;
				LastUpgradeCheck = 0920;
				ORGANIZATIONNAME = "CM Student";
				TargetAttributes = {
					7F4865BD2228705700687BB9 = {
						CreatedOnToolsVersion = 9.2;
						ProvisioningStyle = Automatic;
					};
				};
			};
			buildConfigurationList = 7F4865B92228705700687BB9 /* Build configuration list for PBXProject "HackwichFour" */;
			compatibilityVersion = "Xcode 8.0";
			developmentRegion = en;
			hasScannedForEncodings = 0;
			knownRegions = (
				en,
				Base,
			);
			mainGroup = 7F4865B52228705700687BB9;
			productRefGroup = 7F4865BF2228705700687BB9 /* Products */;
			projectDirPath = "";
			projectRoot = "";
			targets = (
				7F4865BD2228705700687BB9 /* HackwichFour */,
			);
		};
/* End PBXProject section */

/* Begin PBXResourcesBuildPhase section */
		7F4865BC2228705700687BB9 /* Resources */ = {
			isa = PBXResourcesBuildPhase;
			buildActionMask = 2147483647;
			files = (
				7F4865CC2228705700687BB9 /* LaunchScreen.storyboard in Resources */,
				7F4865C92228705700687BB9 /* Assets.xcassets in Resources */,
				7FF565AE224D5D88007DDE64 /* Property List.plist in Resources */,
				7F4865C72228705700687BB9 /* Main.storyboard in Resources */,
			);
			runOnlyForDeploymentPostprocessing = 0;
		};
/* End PBXResourcesBuildPhase section */

/* Begin PBXSourcesBuildPhase section */
		7F4865BA2228705700687BB9 /* Sources */ = {
			isa = PBXSourcesBuildPhase;
			buildActionMask = 2147483647;
			files = (
				7F4865C42228705700687BB9 /* ViewController.swift in Sources */,
				7F4865C22228705700687BB9 /* AppDelegate.swift in Sources */,
				7FF565B0224D62E7007DDE64 /* detailViewController.swift in Sources */,
			);
			runOnlyForDeploymentPostprocessing = 0;
		};
/* End PBXSourcesBuildPhase section */

/* Begin PBXVariantGroup section */
		7F4865C52228705700687BB9 /* Main.storyboard */ = {
			isa = PBXVariantGroup;
			children = (
				7F4865C62228705700687BB9 /* Base */,
			);
			name = Main.storyboard;
			sourceTree = "<group>";
		};
		7F4865CA2228705700687BB9 /* LaunchScreen.storyboard */ = {
			isa = PBXVariantGroup;
			children = (
				7F4865CB2228705700687BB9 /* Base */,
			);
			name = LaunchScreen.storyboard;
			sourceTree = "<group>";
		};
/* End PBXVariantGroup section */

/* Begin XCBuildConfiguration section */
		7F4865CE2228705700687BB9 /* Debug */ = {
			isa = XCBuildConfiguration;
			buildSettings = {
				ALWAYS_SEARCH_USER_PATHS = NO;
				CLANG_ANALYZER_NONNULL = YES;
				CLANG_ANALYZER_NUMBER_OBJECT_CONVERSION = YES_AGGRESSIVE;
				CLANG_CXX_LANGUAGE_STANDARD = "gnu++14";
				CLANG_CXX_LIBRARY = "libc++";
				CLANG_ENABLE_MODULES = YES;
				CLANG_ENABLE_OBJC_ARC = YES;
				CLANG_WARN_BLOCK_CAPTURE_AUTORELEASING = YES;
				CLANG_WARN_BOOL_CONVERSION = YES;
				CLANG_WARN_COMMA = YES;
				CLANG_WARN_CONSTANT_CONVERSION = YES;
				CLANG_WARN_DIRECT_OBJC_ISA_USAGE = YES_ERROR;
				CLANG_WARN_DOCUMENTATION_COMMENTS = YES;
				CLANG_WARN_EMPTY_BODY = YES;
				CLANG_WARN_ENUM_CONVERSION = YES;
				CLANG_WARN_INFINITE_RECURSION = YES;
				CLANG_WARN_INT_CONVERSION = YES;
				CLANG_WARN_NON_LITERAL_NULL_CONVERSION = YES;
				CLANG_WARN_OBJC_LITERAL_CONVERSION = YES;
				CLANG_WARN_OBJC_ROOT_CLASS = YES_ERROR;
				CLANG_WARN_RANGE_LOOP_ANALYSIS = YES;
				CLANG_WARN_STRICT_PROTOTYPES = YES;
				CLANG_WARN_SUSPICIOUS_MOVE = YES;
				CLANG_WARN_UNGUARDED_AVAILABILITY = YES_AGGRESSIVE;
				CLANG_WARN_UNREACHABLE_CODE = YES;
				CLANG_WARN__DUPLICATE_METHOD_MATCH = YES;
				CODE_SIGN_IDENTITY = "iPhone Developer";
				COPY_PHASE_STRIP = NO;
				DEBUG_INFORMATION_FORMAT = dwarf;
				ENABLE_STRICT_OBJC_MSGSEND = YES;
				ENABLE_TESTABILITY = YES;
				GCC_C_LANGUAGE_STANDARD = gnu11;
				GCC_DYNAMIC_NO_PIC = NO;
				GCC_NO_COMMON_BLOCKS = YES;
				GCC_OPTIMIZATION_LEVEL = 0;
				GCC_PREPROCESSOR_DEFINITIONS = (
					"DEBUG=1",
					"$(inherited)",
				);
				GCC_WARN_64_TO_32_BIT_CONVERSION = YES;
				GCC_WARN_ABOUT_RETURN_TYPE = YES_ERROR;
				GCC_WARN_UNDECLARED_SELECTOR = YES;
				GCC_WARN_UNINITIALIZED_AUTOS = YES_AGGRESSIVE;
				GCC_WARN_UNUSED_FUNCTION = YES;
				GCC_WARN_UNUSED_VARIABLE = YES;
				IPHONEOS_DEPLOYMENT_TARGET = 11.2;
				MTL_ENABLE_DEBUG_INFO = YES;
				ONLY_ACTIVE_ARCH = YES;
				SDKROOT = iphoneos;
				SWIFT_ACTIVE_COMPILATION_CONDITIONS = DEBUG;
				SWIFT_OPTIMIZATION_LEVEL = "-Onone";
			};
			name = Debug;
		};
		7F4865CF2228705700687BB9 /* Release */ = {
			isa = XCBuildConfiguration;
			buildSettings = {
				ALWAYS_SEARCH_USER_PATHS = NO;
				CLANG_ANALYZER_NONNULL = YES;
				CLANG_ANALYZER_NUMBER_OBJECT_CONVERSION = YES_AGGRESSIVE;
				CLANG_CXX_LANGUAGE_STANDARD = "gnu++14";
				CLANG_CXX_LIBRARY = "libc++";
				CLANG_ENABLE_MODULES = YES;
				CLANG_ENABLE_OBJC_ARC = YES;
				CLANG_WARN_BLOCK_CAPTURE_AUTORELEASING = YES;
				CLANG_WARN_BOOL_CONVERSION = YES;
				CLANG_WARN_COMMA = YES;
				CLANG_WARN_CONSTANT_CONVERSION = YES;
				CLANG_WARN_DIRECT_OBJC_ISA_USAGE = YES_ERROR;
				CLANG_WARN_DOCUMENTATION_COMMENTS = YES;
				CLANG_WARN_EMPTY_BODY = YES;
				CLANG_WARN_ENUM_CONVERSION = YES;
				CLANG_WARN_INFINITE_RECURSION = YES;
				CLANG_WARN_INT_CONVERSION = YES;
				CLANG_WARN_NON_LITERAL_NULL_CONVERSION = YES;
				CLANG_WARN_OBJC_LITERAL_CONVERSION = YES;
				CLANG_WARN_OBJC_ROOT_CLASS = YES_ERROR;
				CLANG_WARN_RANGE_LOOP_ANALYSIS = YES;
				CLANG_WARN_STRICT_PROTOTYPES = YES;
				CLANG_WARN_SUSPICIOUS_MOVE = YES;
				CLANG_WARN_UNGUARDED_AVAILABILITY = YES_AGGRESSIVE;
				CLANG_WARN_UNREACHABLE_CODE = YES;
				CLANG_WARN__DUPLICATE_METHOD_MATCH = YES;
				CODE_SIGN_IDENTITY = "iPhone Developer";
				COPY_PHASE_STRIP = NO;
				DEBUG_INFORMATION_FORMAT = "dwarf-with-dsym";
				ENABLE_NS_ASSERTIONS = NO;
				ENABLE_STRICT_OBJC_MSGSEND = YES;
				GCC_C_LANGUAGE_STANDARD = gnu11;
				GCC_NO_COMMON_BLOCKS = YES;
				GCC_WARN_64_TO_32_BIT_CONVERSION = YES;
				GCC_WARN_ABOUT_RETURN_TYPE = YES_ERROR;
				GCC_WARN_UNDECLARED_SELECTOR = YES;
				GCC_WARN_UNINITIALIZED_AUTOS = YES_AGGRESSIVE;
				GCC_WARN_UNUSED_FUNCTION = YES;
				GCC_WARN_UNUSED_VARIABLE = YES;
				IPHONEOS_DEPLOYMENT_TARGET = 11.2;
				MTL_ENABLE_DEBUG_INFO = NO;
				SDKROOT = iphoneos;
				SWIFT_OPTIMIZATION_LEVEL = "-Owholemodule";
				VALIDATE_PRODUCT = YES;
			};
			name = Release;
		};
		7F4865D12228705700687BB9 /* Debug */ = {
			isa = XCBuildConfiguration;
			buildSettings = {
				ASSETCATALOG_COMPILER_APPICON_NAME = AppIcon;
				CODE_SIGN_STYLE = Automatic;
				DEVELOPMENT_TEAM = HPBRR587LZ;
				INFOPLIST_FILE = HackwichFour/Info.plist;
				LD_RUNPATH_SEARCH_PATHS = "$(inherited) @executable_path/Frameworks";
				PRODUCT_BUNDLE_IDENTIFIER = UHWO.HackwichFour;
				PRODUCT_NAME = "$(TARGET_NAME)";
				SWIFT_VERSION = 4.0;
				TARGETED_DEVICE_FAMILY = "1,2";
			};
			name = Debug;
		};
		7F4865D22228705700687BB9 /* Release */ = {
			isa = XCBuildConfiguration;
			buildSettings = {
				ASSETCATALOG_COMPILER_APPICON_NAME = AppIcon;
				CODE_SIGN_STYLE = Automatic;
				DEVELOPMENT_TEAM = HPBRR587LZ;
				INFOPLIST_FILE = HackwichFour/Info.plist;
				LD_RUNPATH_SEARCH_PATHS = "$(inherited) @executable_path/Frameworks";
				PRODUCT_BUNDLE_IDENTIFIER = UHWO.HackwichFour;
				PRODUCT_NAME = "$(TARGET_NAME)";
				SWIFT_VERSION = 4.0;
				TARGETED_DEVICE_FAMILY = "1,2";
			};
			name = Release;
		};
/* End XCBuildConfiguration section */

/* Begin XCConfigurationList section */
		7F4865B92228705700687BB9 /* Build configuration list for PBXProject "HackwichFour" */ = {
			isa = XCConfigurationList;
			buildConfigurations = (
				7F4865CE2228705700687BB9 /* Debug */,
				7F4865CF2228705700687BB9 /* Release */,
			);
			defaultConfigurationIsVisible = 0;
			defaultConfigurationName = Release;
		};
		7F4865D02228705700687BB9 /* Build configuration list for PBXNativeTarget "HackwichFour" */ = {
			isa = XCConfigurationList;
			buildConfigurations = (
				7F4865D12228705700687BB9 /* Debug */,
				7F4865D22228705700687BB9 /* Release */,
			);
			defaultConfigurationIsVisible = 0;
			defaultConfigurationName = Release;
		};
/* End XCConfigurationList section */
	};
	rootObject = 7F4865B62228705700687BB9 /* Project object */;
}
